
Microsoft Visual Studio Solution File, Format Version 12.00
# Visual Studio 15
VisualStudioVersion = 15.0.28307.757
MinimumVisualStudioVersion = 10.0.40219.1
Project("{FAE04EC0-301F-11D3-BF4B-00C04F79EFBC}") = "CreateDeleteFile", "CreateDeleteFile\CreateDeleteFile.csproj", "{CF510D7A-301C-4CC5-8DF0-E29415ADDBAA}"
EndProject
Global
	GlobalSection(SolutionConfigurationPlatforms) = preSolution
		Debug|Any CPU = Debug|Any CPU
		Debug|x64 = Debug|x64
		Release|Any CPU = Release|Any CPU
		Release|x64 = Release|x64
	EndGlobalSection
	GlobalSection(ProjectConfigurationPlatforms) = postSolution
		{CF510D7A-301C-4CC5-8DF0-E29415ADDBAA}.Debug|Any CPU.ActiveCfg = Debug|Any CPU
		{CF510D7A-301C-4CC5-8DF0-E29415ADDBAA}.Debug|Any CPU.Build.0 = Debug|Any CPU
		{CF510D7A-301C-4CC5-8DF0-E29415ADDBAA}.Debug|x64.ActiveCfg = Debug|x64
		{CF510D7A-301C-4CC5-8DF0-E29415ADDBAA}.Debug|x64.Build.0 = Debug|x64
		{CF510D7A-301C-4CC5-8DF0-E29415ADDBAA}.Release|Any CPU.ActiveCfg = Release|Any CPU
		{CF510D7A-301C-4CC5-8DF0-E29415ADDBAA}.Release|Any CPU.Build.0 = Release|Any CPU
		{CF510D7A-301C-4CC5-8DF0-E29415ADDBAA}.Release|x64.ActiveCfg = Release|x64
		{CF510D7A-301C-4CC5-8DF0-E29415ADDBAA}.Release|x64.Build.0 = Release|x64
	EndGlobalSection
	GlobalSection(SolutionProperties) = preSolution
		HideSolutionNode = FALSE
	EndGlobalSection
	GlobalSection(ExtensibilityGlobals) = postSolution
		SolutionGuid = {912FEFBD-15B1-4A1F-9AAE-0D49B6E9711D}
	EndGlobalSection
EndGlobal
